// !$*UTF8*$!
{
	archiveVersion = 1;
	classes = {
	};
	objectVersion = 50;
	objects = {

/* Begin PBXBuildFile section */
		E53F2C3C2188181D00F2AB20 /* AppDelegate.swift in Sources */ = {isa = PBXBuildFile; fileRef = E53F2C3B2188181D00F2AB20 /* AppDelegate.swift */; };
		E53F2C3E2188181D00F2AB20 /* ViewController.swift in Sources */ = {isa = PBXBuildFile; fileRef = E53F2C3D2188181D00F2AB20 /* ViewController.swift */; };
		E53F2C412188181D00F2AB20 /* Main.storyboard in Resources */ = {isa = PBXBuildFile; fileRef = E53F2C3F2188181D00F2AB20 /* Main.storyboard */; };
		E53F2C432188182900F2AB20 /* Assets.xcassets in Resources */ = {isa = PBXBuildFile; fileRef = E53F2C422188182900F2AB20 /* Assets.xcassets */; };
		E53F2C462188182900F2AB20 /* LaunchScreen.storyboard in Resources */ = {isa = PBXBuildFile; fileRef = E53F2C442188182900F2AB20 /* LaunchScreen.storyboard */; };
		E53F2C4E218821B400F2AB20 /* BusanData.swift in Sources */ = {isa = PBXBuildFile; fileRef = E53F2C4D218821B400F2AB20 /* BusanData.swift */; };
		E58B371721BE41C600F24332 /* launch.png in Resources */ = {isa = PBXBuildFile; fileRef = E58B371621BE41C500F24332 /* launch.png */; };
		E5ACDDF721B64CA500C5E954 /* 0.png in Resources */ = {isa = PBXBuildFile; fileRef = E5ACDDF621B64CA500C5E954 /* 0.png */; };
/* End PBXBuildFile section */

/* Begin PBXFileReference section */
		E53F2C382188181D00F2AB20 /* BusanMap02.app */ = {isa = PBXFileReference; explicitFileType = wrapper.application; includeInIndex = 0; path = BusanMap02.app; sourceTree = BUILT_PRODUCTS_DIR; };
		E53F2C3B2188181D00F2AB20 /* AppDelegate.swift */ = {isa = PBXFileReference; lastKnownFileType = sourcecode.swift; path = AppDelegate.swift; sourceTree = "<group>"; };
		E53F2C3D2188181D00F2AB20 /* ViewController.swift */ = {isa = PBXFileReference; lastKnownFileType = sourcecode.swift; path = ViewController.swift; sourceTree = "<group>"; };
		E53F2C402188181D00F2AB20 /* Base */ = {isa = PBXFileReference; lastKnownFileType = file.storyboard; name = Base; path = Base.lproj/Main.storyboard; sourceTree = "<group>"; };
		E53F2C422188182900F2AB20 /* Assets.xcassets */ = {isa = PBXFileReference; lastKnownFileType = folder.assetcatalog; path = Assets.xcassets; sourceTree = "<group>"; };
		E53F2C452188182900F2AB20 /* Base */ = {isa = PBXFileReference; lastKnownFileType = file.storyboard; name = Base; path = Base.lproj/LaunchScreen.storyboard; sourceTree = "<group>"; };
		E53F2C472188182900F2AB20 /* Info.plist */ = {isa = PBXFileReference; lastKnownFileType = text.plist.xml; path = Info.plist; sourceTree = "<group>"; };
		E53F2C4D218821B400F2AB20 /* BusanData.swift */ = {isa = PBXFileReference; lastKnownFileType = sourcecode.swift; path = BusanData.swift; sourceTree = "<group>"; };
		E58B371621BE41C500F24332 /* launch.png */ = {isa = PBXFileReference; lastKnownFileType = image.png; path = launch.png; sourceTree = "<group>"; };
		E5ACDDF621B64CA500C5E954 /* 0.png */ = {isa = PBXFileReference; lastKnownFileType = image.png; path = 0.png; sourceTree = "<group>"; };
/* End PBXFileReference section */

/* Begin PBXFrameworksBuildPhase section */
		E53F2C352188181D00F2AB20 /* Frameworks */ = {
			isa = PBXFrameworksBuildPhase;
			buildActionMask = 2147483647;
			files = (
			);
			runOnlyForDeploymentPostprocessing = 0;
		};
/* End PBXFrameworksBuildPhase section */

/* Begin PBXGroup section */
		E53F2C2F2188181D00F2AB20 = {
			isa = PBXGroup;
			children = (
				E53F2C3A2188181D00F2AB20 /* BusanMap02 */,
				E53F2C392188181D00F2AB20 /* Products */,
			);
			sourceTree = "<group>";
		};
		E53F2C392188181D00F2AB20 /* Products */ = {
			isa = PBXGroup;
			children = (
				E53F2C382188181D00F2AB20 /* BusanMap02.app */,
			);
			name = Products;
			sourceTree = "<group>";
		};
		E53F2C3A2188181D00F2AB20 /* BusanMap02 */ = {
			isa = PBXGroup;
			children = (
				E58B371621BE41C500F24332 /* launch.png */,
				E5ACDDF621B64CA500C5E954 /* 0.png */,
				E53F2C3B2188181D00F2AB20 /* AppDelegate.swift */,
				E53F2C3D2188181D00F2AB20 /* ViewController.swift */,
				E53F2C3F2188181D00F2AB20 /* Main.storyboard */,
				E53F2C422188182900F2AB20 /* Assets.xcassets */,
				E53F2C442188182900F2AB20 /* LaunchScreen.storyboard */,
				E53F2C472188182900F2AB20 /* Info.plist */,
				E53F2C4D218821B400F2AB20 /* BusanData.swift */,
			);
			path = BusanMap02;
			sourceTree = "<group>";
		};
/* End PBXGroup section */

/* Begin PBXNativeTarget section */
		E53F2C372188181D00F2AB20 /* BusanMap02 */ = {
			isa = PBXNativeTarget;
			buildConfigurationList = E53F2C4A2188182900F2AB20 /* Build configuration list for PBXNativeTarget "BusanMap02" */;
			buildPhases = (
				E53F2C342188181D00F2AB20 /* Sources */,
				E53F2C352188181D00F2AB20 /* Frameworks */,
				E53F2C362188181D00F2AB20 /* Resources */,
			);
			buildRules = (
			);
			dependencies = (
			);
			name = BusanMap02;
			productName = BusanMap02;
			productReference = E53F2C382188181D00F2AB20 /* BusanMap02.app */;
			productType = "com.apple.product-type.application";
		};
/* End PBXNativeTarget section */

/* Begin PBXProject section */
		E53F2C302188181D00F2AB20 /* Project object */ = {
			isa = PBXProject;
			attributes = {
				LastSwiftUpdateCheck = 1000;
				LastUpgradeCheck = 1000;
				ORGANIZATIONNAME = D7703_24;
				TargetAttributes = {
					E53F2C372188181D00F2AB20 = {
						CreatedOnToolsVersion = 10.0;
					};
				};
			};
			buildConfigurationList = E53F2C332188181D00F2AB20 /* Build configuration list for PBXProject "BusanMap02" */;
			compatibilityVersion = "Xcode 9.3";
			developmentRegion = en;
			hasScannedForEncodings = 0;
			knownRegions = (
				en,
				Base,
			);
			mainGroup = E53F2C2F2188181D00F2AB20;
			productRefGroup = E53F2C392188181D00F2AB20 /* Products */;
			projectDirPath = "";
			projectRoot = "";
			targets = (
				E53F2C372188181D00F2AB20 /* BusanMap02 */,
			);
		};
/* End PBXProject section */

/* Begin PBXResourcesBuildPhase section */
		E53F2C362188181D00F2AB20 /* Resources */ = {
			isa = PBXResourcesBuildPhase;
			buildActionMask = 2147483647;
			files = (
				E5ACDDF721B64CA500C5E954 /* 0.png in Resources */,
				E58B371721BE41C600F24332 /* launch.png in Resources */,
				E53F2C462188182900F2AB20 /* LaunchScreen.storyboard in Resources */,
				E53F2C432188182900F2AB20 /* Assets.xcassets in Resources */,
				E53F2C412188181D00F2AB20 /* Main.storyboard in Resources */,
			);
			runOnlyForDeploymentPostprocessing = 0;
		};
/* End PBXResourcesBuildPhase section */

/* Begin PBXSourcesBuildPhase section */
		E53F2C342188181D00F2AB20 /* Sources */ = {
			isa = PBXSourcesBuildPhase;
			buildActionMask = 2147483647;
			files = (
				E53F2C3E2188181D00F2AB20 /* ViewController.swift in Sources */,
				E53F2C4E218821B400F2AB20 /* BusanData.swift in Sources */,
				E53F2C3C2188181D00F2AB20 /* AppDelegate.swift in Sources */,
			);
			runOnlyForDeploymentPostprocessing = 0;
		};
/* End PBXSourcesBuildPhase section */

/* Begin PBXVariantGroup section */
		E53F2C3F2188181D00F2AB20 /* Main.storyboard */ = {
			isa = PBXVariantGroup;
			children = (
				E53F2C402188181D00F2AB20 /* Base */,
			);
			name = Main.storyboard;
			sourceTree = "<group>";
		};
		E53F2C442188182900F2AB20 /* LaunchScreen.storyboard */ = {
			isa = PBXVariantGroup;
			children = (
				E53F2C452188182900F2AB20 /* Base */,
			);
			name = LaunchScreen.storyboard;
			sourceTree = "<group>";
		};
/* End PBXVariantGroup section */

/* Begin XCBuildConfiguration section */
		E53F2C482188182900F2AB20 /* Debug */ = {
			isa = XCBuildConfiguration;
			buildSettings = {
				ALWAYS_SEARCH_USER_PATHS = NO;
				CLANG_ANALYZER_NONNULL = YES;
				CLANG_ANALYZER_NUMBER_OBJECT_CONVERSION = YES_AGGRESSIVE;
				CLANG_CXX_LANGUAGE_STANDARD = "gnu++14";
				CLANG_CXX_LIBRARY = "libc++";
				CLANG_ENABLE_MODULES = YES;
				CLANG_ENABLE_OBJC_ARC = YES;
				CLANG_ENABLE_OBJC_WEAK = YES;
				CLANG_WARN_BLOCK_CAPTURE_AUTORELEASING = YES;
				CLANG_WARN_BOOL_CONVERSION = YES;
				CLANG_WARN_COMMA = YES;
				CLANG_WARN_CONSTANT_CONVERSION = YES;
				CLANG_WARN_DEPRECATED_OBJC_IMPLEMENTATIONS = YES;
				CLANG_WARN_DIRECT_OBJC_ISA_USAGE = YES_ERROR;
				CLANG_WARN_DOCUMENTATION_COMMENTS = YES;
				CLANG_WARN_EMPTY_BODY = YES;
				CLANG_WARN_ENUM_CONVERSION = YES;
				CLANG_WARN_INFINITE_RECURSION = YES;
				CLANG_WARN_INT_CONVERSION = YES;
				CLANG_WARN_NON_LITERAL_NULL_CONVERSION = YES;
				CLANG_WARN_OBJC_IMPLICIT_RETAIN_SELF = YES;
				CLANG_WARN_OBJC_LITERAL_CONVERSION = YES;
				CLANG_WARN_OBJC_ROOT_CLASS = YES_ERROR;
				CLANG_WARN_RANGE_LOOP_ANALYSIS = YES;
				CLANG_WARN_STRICT_PROTOTYPES = YES;
				CLANG_WARN_SUSPICIOUS_MOVE = YES;
				CLANG_WARN_UNGUARDED_AVAILABILITY = YES_AGGRESSIVE;
				CLANG_WARN_UNREACHABLE_CODE = YES;
				CLANG_WARN__DUPLICATE_METHOD_MATCH = YES;
				CODE_SIGN_IDENTITY = "iPhone Developer";
				COPY_PHASE_STRIP = NO;
				DEBUG_INFORMATION_FORMAT = dwarf;
				ENABLE_STRICT_OBJC_MSGSEND = YES;
				ENABLE_TESTABILITY = YES;
				GCC_C_LANGUAGE_STANDARD = gnu11;
				GCC_DYNAMIC_NO_PIC = NO;
				GCC_NO_COMMON_BLOCKS = YES;
				GCC_OPTIMIZATION_LEVEL = 0;
				GCC_PREPROCESSOR_DEFINITIONS = (
					"DEBUG=1",
					"$(inherited)",
				);
				GCC_WARN_64_TO_32_BIT_CONVERSION = YES;
				GCC_WARN_ABOUT_RETURN_TYPE = YES_ERROR;
				GCC_WARN_UNDECLARED_SELECTOR = YES;
				GCC_WARN_UNINITIALIZED_AUTOS = YES_AGGRESSIVE;
				GCC_WARN_UNUSED_FUNCTION = YES;
				GCC_WARN_UNUSED_VARIABLE = YES;
				IPHONEOS_DEPLOYMENT_TARGET = 12.0;
				MTL_ENABLE_DEBUG_INFO = INCLUDE_SOURCE;
				MTL_FAST_MATH = YES;
				ONLY_ACTIVE_ARCH = YES;
				SDKROOT = iphoneos;
				SWIFT_ACTIVE_COMPILATION_CONDITIONS = DEBUG;
				SWIFT_OPTIMIZATION_LEVEL = "-Onone";
			};
			name = Debug;
		};
		E53F2C492188182900F2AB20 /* Release */ = {
			isa = XCBuildConfiguration;
			buildSettings = {
				ALWAYS_SEARCH_USER_PATHS = NO;
				CLANG_ANALYZER_NONNULL = YES;
				CLANG_ANALYZER_NUMBER_OBJECT_CONVERSION = YES_AGGRESSIVE;
				CLANG_CXX_LANGUAGE_STANDARD = "gnu++14";
				CLANG_CXX_LIBRARY = "libc++";
				CLANG_ENABLE_MODULES = YES;
				CLANG_ENABLE_OBJC_ARC = YES;
				CLANG_ENABLE_OBJC_WEAK = YES;
				CLANG_WARN_BLOCK_CAPTURE_AUTORELEASING = YES;
				CLANG_WARN_BOOL_CONVERSION = YES;
				CLANG_WARN_COMMA = YES;
				CLANG_WARN_CONSTANT_CONVERSION = YES;
				CLANG_WARN_DEPRECATED_OBJC_IMPLEMENTATIONS = YES;
				CLANG_WARN_DIRECT_OBJC_ISA_USAGE = YES_ERROR;
				CLANG_WARN_DOCUMENTATION_COMMENTS = YES;
				CLANG_WARN_EMPTY_BODY = YES;
				CLANG_WARN_ENUM_CONVERSION = YES;
				CLANG_WARN_INFINITE_RECURSION = YES;
				CLANG_WARN_INT_CONVERSION = YES;
				CLANG_WARN_NON_LITERAL_NULL_CONVERSION = YES;
				CLANG_WARN_OBJC_IMPLICIT_RETAIN_SELF = YES;
				CLANG_WARN_OBJC_LITERAL_CONVERSION = YES;
				CLANG_WARN_OBJC_ROOT_CLASS = YES_ERROR;
				CLANG_WARN_RANGE_LOOP_ANALYSIS = YES;
				CLANG_WARN_STRICT_PROTOTYPES = YES;
				CLANG_WARN_SUSPICIOUS_MOVE = YES;
				CLANG_WARN_UNGUARDED_AVAILABILITY = YES_AGGRESSIVE;
				CLANG_WARN_UNREACHABLE_CODE = YES;
				CLANG_WARN__DUPLICATE_METHOD_MATCH = YES;
				CODE_SIGN_IDENTITY = "iPhone Developer";
				COPY_PHASE_STRIP = NO;
				DEBUG_INFORMATION_FORMAT = "dwarf-with-dsym";
				ENABLE_NS_ASSERTIONS = NO;
				ENABLE_STRICT_OBJC_MSGSEND = YES;
				GCC_C_LANGUAGE_STANDARD = gnu11;
				GCC_NO_COMMON_BLOCKS = YES;
				GCC_WARN_64_TO_32_BIT_CONVERSION = YES;
				GCC_WARN_ABOUT_RETURN_TYPE = YES_ERROR;
				GCC_WARN_UNDECLARED_SELECTOR = YES;
				GCC_WARN_UNINITIALIZED_AUTOS = YES_AGGRESSIVE;
				GCC_WARN_UNUSED_FUNCTION = YES;
				GCC_WARN_UNUSED_VARIABLE = YES;
				IPHONEOS_DEPLOYMENT_TARGET = 12.0;
				MTL_ENABLE_DEBUG_INFO = NO;
				MTL_FAST_MATH = YES;
				SDKROOT = iphoneos;
				SWIFT_COMPILATION_MODE = wholemodule;
				SWIFT_OPTIMIZATION_LEVEL = "-O";
				VALIDATE_PRODUCT = YES;
			};
			name = Release;
		};
		E53F2C4B2188182900F2AB20 /* Debug */ = {
			isa = XCBuildConfiguration;
			buildSettings = {
				ASSETCATALOG_COMPILER_APPICON_NAME = AppIcon;
				CODE_SIGN_IDENTITY = "iPhone Developer";
				CODE_SIGN_STYLE = Automatic;
				DEVELOPMENT_TEAM = UQ37D35Z4Z;
				INFOPLIST_FILE = BusanMap02/Info.plist;
				IPHONEOS_DEPLOYMENT_TARGET = 10.2;
				LD_RUNPATH_SEARCH_PATHS = (
					"$(inherited)",
					"@executable_path/Frameworks",
				);
				PRODUCT_BUNDLE_IDENTIFIER = "-.BusanMap02";
				PRODUCT_NAME = "$(TARGET_NAME)";
				PROVISIONING_PROFILE_SPECIFIER = "";
				SWIFT_VERSION = 4.2;
				TARGETED_DEVICE_FAMILY = "1,2";
			};
			name = Debug;
		};
		E53F2C4C2188182900F2AB20 /* Release */ = {
			isa = XCBuildConfiguration;
			buildSettings = {
				ASSETCATALOG_COMPILER_APPICON_NAME = AppIcon;
				CODE_SIGN_IDENTITY = "iPhone Developer";
				CODE_SIGN_STYLE = Automatic;
				DEVELOPMENT_TEAM = UQ37D35Z4Z;
				INFOPLIST_FILE = BusanMap02/Info.plist;
				IPHONEOS_DEPLOYMENT_TARGET = 10.2;
				LD_RUNPATH_SEARCH_PATHS = (
					"$(inherited)",
					"@executable_path/Frameworks",
				);
				PRODUCT_BUNDLE_IDENTIFIER = "-.BusanMap02";
				PRODUCT_NAME = "$(TARGET_NAME)";
				PROVISIONING_PROFILE_SPECIFIER = "";
				SWIFT_VERSION = 4.2;
				TARGETED_DEVICE_FAMILY = "1,2";
			};
			name = Release;
		};
/* End XCBuildConfiguration section */

/* Begin XCConfigurationList section */
		E53F2C332188181D00F2AB20 /* Build configuration list for PBXProject "BusanMap02" */ = {
			isa = XCConfigurationList;
			buildConfigurations = (
				E53F2C482188182900F2AB20 /* Debug */,
				E53F2C492188182900F2AB20 /* Release */,
			);
			defaultConfigurationIsVisible = 0;
			defaultConfigurationName = Release;
		};
		E53F2C4A2188182900F2AB20 /* Build configuration list for PBXNativeTarget "BusanMap02" */ = {
			isa = XCConfigurationList;
			buildConfigurations = (
				E53F2C4B2188182900F2AB20 /* Debug */,
				E53F2C4C2188182900F2AB20 /* Release */,
			);
			defaultConfigurationIsVisible = 0;
			defaultConfigurationName = Release;
		};
/* End XCConfigurationList section */
	};
	rootObject = E53F2C302188181D00F2AB20 /* Project object */;
}
